{
  "dependencies": {
    "flux": {
      "version": "2.1.1",
      "dependencies": {
        "fbemitter": {
          "version": "2.0.0"
        },
        "fbjs": {
          "version": "0.1.0-alpha.7",
          "dependencies": {
            "core-js": {
              "version": "1.2.6"
            },
            "promise": {
              "version": "7.0.4",
              "dependencies": {
                "asap": {
                  "version": "2.0.3"
                }
              }
            },
            "whatwg-fetch": {
              "version": "0.9.0"
            }
          }
        },
        "immutable": {
          "version": "3.7.5"
        }
      }
    },
    "immutable": {
      "version": "3.6.2"
    },
    "react-mixin": {
      "version": "3.0.3",
      "dependencies": {
        "object-assign": {
          "version": "4.0.1"
        },
        "smart-mixin": {
          "version": "1.2.1"
        }
      }
    }
  }
}
